// !$*UTF8*$!
{
	archiveVersion = 1;
	classes = {
	};
	objectVersion = 55;
	objects = {

/* Begin PBXBuildFile section */
		430B8E582851CD5B0075D2AC /* FirebaseAuth in Frameworks */ = {isa = PBXBuildFile; productRef = 430B8E572851CD5B0075D2AC /* FirebaseAuth */; };
		430B8E5A2851CD5B0075D2AC /* FirebaseFirestoreSwift in Frameworks */ = {isa = PBXBuildFile; productRef = 430B8E592851CD5B0075D2AC /* FirebaseFirestoreSwift */; };
		430B8E5C2851CD5B0075D2AC /* FirebaseStorage in Frameworks */ = {isa = PBXBuildFile; productRef = 430B8E5B2851CD5B0075D2AC /* FirebaseStorage */; };
		43445A35284FC7CC00E07D0B /* TextArea.swift in Sources */ = {isa = PBXBuildFile; fileRef = 43445A34284FC7CC00E07D0B /* TextArea.swift */; };
		43445A3A284FCB7700E07D0B /* LoginView.swift in Sources */ = {isa = PBXBuildFile; fileRef = 43445A39284FCB7700E07D0B /* LoginView.swift */; };
		43445A3C284FCB8200E07D0B /* RegistrationView.swift in Sources */ = {isa = PBXBuildFile; fileRef = 43445A3B284FCB8200E07D0B /* RegistrationView.swift */; };
		43445A3E284FCCA900E07D0B /* RoundedShape.swift in Sources */ = {isa = PBXBuildFile; fileRef = 43445A3D284FCCA900E07D0B /* RoundedShape.swift */; };
		43445A40284FDCB300E07D0B /* CustomInputField.swift in Sources */ = {isa = PBXBuildFile; fileRef = 43445A3F284FDCB300E07D0B /* CustomInputField.swift */; };
		43445A43284FDF8300E07D0B /* AuthHeaderView.swift in Sources */ = {isa = PBXBuildFile; fileRef = 43445A42284FDF8300E07D0B /* AuthHeaderView.swift */; };
		43445A452850CF7600E07D0B /* GoogleService-Info.plist in Resources */ = {isa = PBXBuildFile; fileRef = 43445A442850CF7600E07D0B /* GoogleService-Info.plist */; };
		4367B8782853E4A700076C7B /* ProfilePhotoSelecterView.swift in Sources */ = {isa = PBXBuildFile; fileRef = 4367B8772853E4A700076C7B /* ProfilePhotoSelecterView.swift */; };
		4367B87B28547C3D00076C7B /* ImagePicker.swift in Sources */ = {isa = PBXBuildFile; fileRef = 4367B87A28547C3D00076C7B /* ImagePicker.swift */; };
		4367B87D28549C3A00076C7B /* ImageUploader.swift in Sources */ = {isa = PBXBuildFile; fileRef = 4367B87C28549C3A00076C7B /* ImageUploader.swift */; };
		4367B87F2855B6BF00076C7B /* UserService.swift in Sources */ = {isa = PBXBuildFile; fileRef = 4367B87E2855B6BF00076C7B /* UserService.swift */; };
		4367B8812855B92100076C7B /* User.swift in Sources */ = {isa = PBXBuildFile; fileRef = 4367B8802855B92100076C7B /* User.swift */; };
		4367B8842855EEE900076C7B /* Kingfisher in Frameworks */ = {isa = PBXBuildFile; productRef = 4367B8832855EEE900076C7B /* Kingfisher */; };
		4367B8862855FE6C00076C7B /* ExploreViewModel.swift in Sources */ = {isa = PBXBuildFile; fileRef = 4367B8852855FE6C00076C7B /* ExploreViewModel.swift */; };
		4382B905284CECDC003CB5F4 /* twitterApp.swift in Sources */ = {isa = PBXBuildFile; fileRef = 4382B904284CECDC003CB5F4 /* twitterApp.swift */; };
		4382B907284CECDC003CB5F4 /* ContentView.swift in Sources */ = {isa = PBXBuildFile; fileRef = 4382B906284CECDC003CB5F4 /* ContentView.swift */; };
		4382B909284CECDE003CB5F4 /* Assets.xcassets in Resources */ = {isa = PBXBuildFile; fileRef = 4382B908284CECDE003CB5F4 /* Assets.xcassets */; };
		4382B90C284CECDE003CB5F4 /* Preview Assets.xcassets in Resources */ = {isa = PBXBuildFile; fileRef = 4382B90B284CECDE003CB5F4 /* Preview Assets.xcassets */; };
		4382B91B284CEE63003CB5F4 /* FeedView.swift in Sources */ = {isa = PBXBuildFile; fileRef = 4382B91A284CEE63003CB5F4 /* FeedView.swift */; };
		4382B91E284CEF94003CB5F4 /* TweetRowView.swift in Sources */ = {isa = PBXBuildFile; fileRef = 4382B91D284CEF93003CB5F4 /* TweetRowView.swift */; };
		4382B921284CF70D003CB5F4 /* MainTabView.swift in Sources */ = {isa = PBXBuildFile; fileRef = 4382B920284CF70D003CB5F4 /* MainTabView.swift */; };
		4382B927284CF96A003CB5F4 /* ExploreView.swift in Sources */ = {isa = PBXBuildFile; fileRef = 4382B926284CF96A003CB5F4 /* ExploreView.swift */; };
		4382B929284CF982003CB5F4 /* NotificationsView.swift in Sources */ = {isa = PBXBuildFile; fileRef = 4382B928284CF982003CB5F4 /* NotificationsView.swift */; };
		4382B92B284CF9A1003CB5F4 /* MessagesView.swift in Sources */ = {isa = PBXBuildFile; fileRef = 4382B92A284CF9A1003CB5F4 /* MessagesView.swift */; };
		4382B92F284D0D16003CB5F4 /* ProfileView.swift in Sources */ = {isa = PBXBuildFile; fileRef = 4382B92E284D0D16003CB5F4 /* ProfileView.swift */; };
		4382B931284D147B003CB5F4 /* TweetFilterViewModel.swift in Sources */ = {isa = PBXBuildFile; fileRef = 4382B930284D147B003CB5F4 /* TweetFilterViewModel.swift */; };
		4382B936284D18E5003CB5F4 /* UserRowView.swift in Sources */ = {isa = PBXBuildFile; fileRef = 4382B935284D18E5003CB5F4 /* UserRowView.swift */; };
		4382B93B284D1C33003CB5F4 /* SideMenuView.swift in Sources */ = {isa = PBXBuildFile; fileRef = 4382B93A284D1C33003CB5F4 /* SideMenuView.swift */; };
		4382B93F284D1C59003CB5F4 /* SideMenuViewModel.swift in Sources */ = {isa = PBXBuildFile; fileRef = 4382B93E284D1C59003CB5F4 /* SideMenuViewModel.swift */; };
		4382B942284D1DF5003CB5F4 /* UserStatsView.swift in Sources */ = {isa = PBXBuildFile; fileRef = 4382B941284D1DF5003CB5F4 /* UserStatsView.swift */; };
		4382B946284D3A68003CB5F4 /* SideMenuRowOptionView.swift in Sources */ = {isa = PBXBuildFile; fileRef = 4382B945284D3A68003CB5F4 /* SideMenuRowOptionView.swift */; };
		43893E62284F1F6500F45F0D /* NewTweetView.swift in Sources */ = {isa = PBXBuildFile; fileRef = 43893E61284F1F6500F45F0D /* NewTweetView.swift */; };
		439001B52852855D00E37830 /* AuthViewModel.swift in Sources */ = {isa = PBXBuildFile; fileRef = 439001B42852855D00E37830 /* AuthViewModel.swift */; };
/* End PBXBuildFile section */

/* Begin PBXFileReference section */
		43445A34284FC7CC00E07D0B /* TextArea.swift */ = {isa = PBXFileReference; lastKnownFileType = sourcecode.swift; path = TextArea.swift; sourceTree = "<group>"; };
		43445A39284FCB7700E07D0B /* LoginView.swift */ = {isa = PBXFileReference; lastKnownFileType = sourcecode.swift; path = LoginView.swift; sourceTree = "<group>"; };
		43445A3B284FCB8200E07D0B /* RegistrationView.swift */ = {isa = PBXFileReference; lastKnownFileType = sourcecode.swift; path = RegistrationView.swift; sourceTree = "<group>"; };
		43445A3D284FCCA900E07D0B /* RoundedShape.swift */ = {isa = PBXFileReference; lastKnownFileType = sourcecode.swift; path = RoundedShape.swift; sourceTree = "<group>"; };
		43445A3F284FDCB300E07D0B /* CustomInputField.swift */ = {isa = PBXFileReference; lastKnownFileType = sourcecode.swift; path = CustomInputField.swift; sourceTree = "<group>"; };
		43445A42284FDF8300E07D0B /* AuthHeaderView.swift */ = {isa = PBXFileReference; lastKnownFileType = sourcecode.swift; path = AuthHeaderView.swift; sourceTree = "<group>"; };
		43445A442850CF7600E07D0B /* GoogleService-Info.plist */ = {isa = PBXFileReference; lastKnownFileType = text.plist; path = "GoogleService-Info.plist"; sourceTree = SOURCE_ROOT; };
		4367B8772853E4A700076C7B /* ProfilePhotoSelecterView.swift */ = {isa = PBXFileReference; lastKnownFileType = sourcecode.swift; path = ProfilePhotoSelecterView.swift; sourceTree = "<group>"; };
		4367B87A28547C3D00076C7B /* ImagePicker.swift */ = {isa = PBXFileReference; lastKnownFileType = sourcecode.swift; path = ImagePicker.swift; sourceTree = "<group>"; };
		4367B87C28549C3A00076C7B /* ImageUploader.swift */ = {isa = PBXFileReference; lastKnownFileType = sourcecode.swift; path = ImageUploader.swift; sourceTree = "<group>"; };
		4367B87E2855B6BF00076C7B /* UserService.swift */ = {isa = PBXFileReference; lastKnownFileType = sourcecode.swift; path = UserService.swift; sourceTree = "<group>"; };
		4367B8802855B92100076C7B /* User.swift */ = {isa = PBXFileReference; lastKnownFileType = sourcecode.swift; path = User.swift; sourceTree = "<group>"; };
		4367B8852855FE6C00076C7B /* ExploreViewModel.swift */ = {isa = PBXFileReference; lastKnownFileType = sourcecode.swift; path = ExploreViewModel.swift; sourceTree = "<group>"; };
		4382B901284CECDC003CB5F4 /* twitter.app */ = {isa = PBXFileReference; explicitFileType = wrapper.application; includeInIndex = 0; path = twitter.app; sourceTree = BUILT_PRODUCTS_DIR; };
		4382B904284CECDC003CB5F4 /* twitterApp.swift */ = {isa = PBXFileReference; lastKnownFileType = sourcecode.swift; path = twitterApp.swift; sourceTree = "<group>"; };
		4382B906284CECDC003CB5F4 /* ContentView.swift */ = {isa = PBXFileReference; lastKnownFileType = sourcecode.swift; path = ContentView.swift; sourceTree = "<group>"; };
		4382B908284CECDE003CB5F4 /* Assets.xcassets */ = {isa = PBXFileReference; lastKnownFileType = folder.assetcatalog; path = Assets.xcassets; sourceTree = "<group>"; };
		4382B90B284CECDE003CB5F4 /* Preview Assets.xcassets */ = {isa = PBXFileReference; lastKnownFileType = folder.assetcatalog; path = "Preview Assets.xcassets"; sourceTree = "<group>"; };
		4382B91A284CEE63003CB5F4 /* FeedView.swift */ = {isa = PBXFileReference; lastKnownFileType = sourcecode.swift; path = FeedView.swift; sourceTree = "<group>"; };
		4382B91D284CEF93003CB5F4 /* TweetRowView.swift */ = {isa = PBXFileReference; lastKnownFileType = sourcecode.swift; path = TweetRowView.swift; sourceTree = "<group>"; };
		4382B920284CF70D003CB5F4 /* MainTabView.swift */ = {isa = PBXFileReference; lastKnownFileType = sourcecode.swift; path = MainTabView.swift; sourceTree = "<group>"; };
		4382B926284CF96A003CB5F4 /* ExploreView.swift */ = {isa = PBXFileReference; lastKnownFileType = sourcecode.swift; path = ExploreView.swift; sourceTree = "<group>"; };
		4382B928284CF982003CB5F4 /* NotificationsView.swift */ = {isa = PBXFileReference; lastKnownFileType = sourcecode.swift; path = NotificationsView.swift; sourceTree = "<group>"; };
		4382B92A284CF9A1003CB5F4 /* MessagesView.swift */ = {isa = PBXFileReference; lastKnownFileType = sourcecode.swift; path = MessagesView.swift; sourceTree = "<group>"; };
		4382B92E284D0D16003CB5F4 /* ProfileView.swift */ = {isa = PBXFileReference; lastKnownFileType = sourcecode.swift; path = ProfileView.swift; sourceTree = "<group>"; };
		4382B930284D147B003CB5F4 /* TweetFilterViewModel.swift */ = {isa = PBXFileReference; lastKnownFileType = sourcecode.swift; path = TweetFilterViewModel.swift; sourceTree = "<group>"; };
		4382B935284D18E5003CB5F4 /* UserRowView.swift */ = {isa = PBXFileReference; lastKnownFileType = sourcecode.swift; path = UserRowView.swift; sourceTree = "<group>"; };
		4382B93A284D1C33003CB5F4 /* SideMenuView.swift */ = {isa = PBXFileReference; lastKnownFileType = sourcecode.swift; path = SideMenuView.swift; sourceTree = "<group>"; };
		4382B93E284D1C59003CB5F4 /* SideMenuViewModel.swift */ = {isa = PBXFileReference; lastKnownFileType = sourcecode.swift; path = SideMenuViewModel.swift; sourceTree = "<group>"; };
		4382B941284D1DF5003CB5F4 /* UserStatsView.swift */ = {isa = PBXFileReference; lastKnownFileType = sourcecode.swift; path = UserStatsView.swift; sourceTree = "<group>"; };
		4382B945284D3A68003CB5F4 /* SideMenuRowOptionView.swift */ = {isa = PBXFileReference; lastKnownFileType = sourcecode.swift; path = SideMenuRowOptionView.swift; sourceTree = "<group>"; };
		43893E61284F1F6500F45F0D /* NewTweetView.swift */ = {isa = PBXFileReference; lastKnownFileType = sourcecode.swift; path = NewTweetView.swift; sourceTree = "<group>"; };
		439001B42852855D00E37830 /* AuthViewModel.swift */ = {isa = PBXFileReference; lastKnownFileType = sourcecode.swift; path = AuthViewModel.swift; sourceTree = "<group>"; };
/* End PBXFileReference section */

/* Begin PBXFrameworksBuildPhase section */
		4382B8FE284CECDC003CB5F4 /* Frameworks */ = {
			isa = PBXFrameworksBuildPhase;
			buildActionMask = 2147483647;
			files = (
				4367B8842855EEE900076C7B /* Kingfisher in Frameworks */,
				430B8E582851CD5B0075D2AC /* FirebaseAuth in Frameworks */,
				430B8E5A2851CD5B0075D2AC /* FirebaseFirestoreSwift in Frameworks */,
				430B8E5C2851CD5B0075D2AC /* FirebaseStorage in Frameworks */,
			);
			runOnlyForDeploymentPostprocessing = 0;
		};
/* End PBXFrameworksBuildPhase section */

/* Begin PBXGroup section */
		43445A36284FCB5A00E07D0B /* Authentication */ = {
			isa = PBXGroup;
			children = (
				43445A38284FCB6C00E07D0B /* Views */,
				43445A37284FCB6400E07D0B /* ViewModel */,
			);
			path = Authentication;
			sourceTree = "<group>";
		};
		43445A37284FCB6400E07D0B /* ViewModel */ = {
			isa = PBXGroup;
			children = (
				439001B42852855D00E37830 /* AuthViewModel.swift */,
			);
			path = ViewModel;
			sourceTree = "<group>";
		};
		43445A38284FCB6C00E07D0B /* Views */ = {
			isa = PBXGroup;
			children = (
				43445A39284FCB7700E07D0B /* LoginView.swift */,
				43445A3B284FCB8200E07D0B /* RegistrationView.swift */,
				4367B8772853E4A700076C7B /* ProfilePhotoSelecterView.swift */,
			);
			path = Views;
			sourceTree = "<group>";
		};
		43445A41284FDF6800E07D0B /* Authentication */ = {
			isa = PBXGroup;
			children = (
				43445A42284FDF8300E07D0B /* AuthHeaderView.swift */,
			);
			path = Authentication;
			sourceTree = "<group>";
		};
		4367B87928547C2A00076C7B /* Utils */ = {
			isa = PBXGroup;
			children = (
				4367B87A28547C3D00076C7B /* ImagePicker.swift */,
			);
			path = Utils;
			sourceTree = "<group>";
		};
		4382B8F8284CECDC003CB5F4 = {
			isa = PBXGroup;
			children = (
				4382B903284CECDC003CB5F4 /* twitter */,
				4382B902284CECDC003CB5F4 /* Products */,
			);
			sourceTree = "<group>";
		};
		4382B902284CECDC003CB5F4 /* Products */ = {
			isa = PBXGroup;
			children = (
				4382B901284CECDC003CB5F4 /* twitter.app */,
			);
			name = Products;
			sourceTree = "<group>";
		};
		4382B903284CECDC003CB5F4 /* twitter */ = {
			isa = PBXGroup;
			children = (
				4367B87928547C2A00076C7B /* Utils */,
				4382B913284CED79003CB5F4 /* Extensions */,
				4382B914284CED7B003CB5F4 /* Model */,
				4382B915284CED7E003CB5F4 /* Service */,
				4382B912284CED74003CB5F4 /* Core */,
				4382B904284CECDC003CB5F4 /* twitterApp.swift */,
				4382B906284CECDC003CB5F4 /* ContentView.swift */,
				4382B908284CECDE003CB5F4 /* Assets.xcassets */,
				43445A442850CF7600E07D0B /* GoogleService-Info.plist */,
				4382B90A284CECDE003CB5F4 /* Preview Content */,
			);
			path = twitter;
			sourceTree = "<group>";
		};
		4382B90A284CECDE003CB5F4 /* Preview Content */ = {
			isa = PBXGroup;
			children = (
				4382B90B284CECDE003CB5F4 /* Preview Assets.xcassets */,
			);
			path = "Preview Content";
			sourceTree = "<group>";
		};
		4382B912284CED74003CB5F4 /* Core */ = {
			isa = PBXGroup;
			children = (
				4382B916284CEDCE003CB5F4 /* Components */,
				43445A36284FCB5A00E07D0B /* Authentication */,
				43893E5E284E9E6000F45F0D /* UploadTweets */,
				4382B937284D1C11003CB5F4 /* SideMenu */,
				4382B925284CF921003CB5F4 /* Profile */,
				4382B924284CF8BB003CB5F4 /* Explore */,
				4382B922284CF8BA003CB5F4 /* Notifications */,
				4382B923284CF8BB003CB5F4 /* Messages */,
				4382B91F284CF6F7003CB5F4 /* MainTab */,
				4382B917284CEDE3003CB5F4 /* Feed */,
			);
			path = Core;
			sourceTree = "<group>";
		};
		4382B913284CED79003CB5F4 /* Extensions */ = {
			isa = PBXGroup;
			children = (
			);
			path = Extensions;
			sourceTree = "<group>";
		};
		4382B914284CED7B003CB5F4 /* Model */ = {
			isa = PBXGroup;
			children = (
				4367B8802855B92100076C7B /* User.swift */,
			);
			path = Model;
			sourceTree = "<group>";
		};
		4382B915284CED7E003CB5F4 /* Service */ = {
			isa = PBXGroup;
			children = (
				4367B87C28549C3A00076C7B /* ImageUploader.swift */,
				4367B87E2855B6BF00076C7B /* UserService.swift */,
			);
			path = Service;
			sourceTree = "<group>";
		};
		4382B916284CEDCE003CB5F4 /* Components */ = {
			isa = PBXGroup;
			children = (
				43445A41284FDF6800E07D0B /* Authentication */,
				4382B934284D18CE003CB5F4 /* Users */,
				4382B91C284CEF30003CB5F4 /* Tweets */,
				43445A34284FC7CC00E07D0B /* TextArea.swift */,
				43445A3D284FCCA900E07D0B /* RoundedShape.swift */,
				43445A3F284FDCB300E07D0B /* CustomInputField.swift */,
			);
			path = Components;
			sourceTree = "<group>";
		};
		4382B917284CEDE3003CB5F4 /* Feed */ = {
			isa = PBXGroup;
			children = (
				4382B919284CEE34003CB5F4 /* View */,
				4382B918284CEE2E003CB5F4 /* ViewModels */,
			);
			path = Feed;
			sourceTree = "<group>";
		};
		4382B918284CEE2E003CB5F4 /* ViewModels */ = {
			isa = PBXGroup;
			children = (
			);
			path = ViewModels;
			sourceTree = "<group>";
		};
		4382B919284CEE34003CB5F4 /* View */ = {
			isa = PBXGroup;
			children = (
				4382B91A284CEE63003CB5F4 /* FeedView.swift */,
			);
			path = View;
			sourceTree = "<group>";
		};
		4382B91C284CEF30003CB5F4 /* Tweets */ = {
			isa = PBXGroup;
			children = (
				4382B91D284CEF93003CB5F4 /* TweetRowView.swift */,
			);
			path = Tweets;
			sourceTree = "<group>";
		};
		4382B91F284CF6F7003CB5F4 /* MainTab */ = {
			isa = PBXGroup;
			children = (
				4382B920284CF70D003CB5F4 /* MainTabView.swift */,
			);
			path = MainTab;
			sourceTree = "<group>";
		};
		4382B922284CF8BA003CB5F4 /* Notifications */ = {
			isa = PBXGroup;
			children = (
				4382B928284CF982003CB5F4 /* NotificationsView.swift */,
			);
			path = Notifications;
			sourceTree = "<group>";
		};
		4382B923284CF8BB003CB5F4 /* Messages */ = {
			isa = PBXGroup;
			children = (
				4382B92A284CF9A1003CB5F4 /* MessagesView.swift */,
			);
			path = Messages;
			sourceTree = "<group>";
		};
		4382B924284CF8BB003CB5F4 /* Explore */ = {
			isa = PBXGroup;
			children = (
				4382B933284D1893003CB5F4 /* ViewModels */,
				4382B932284D1889003CB5F4 /* Views */,
			);
			path = Explore;
			sourceTree = "<group>";
		};
		4382B925284CF921003CB5F4 /* Profile */ = {
			isa = PBXGroup;
			children = (
				4382B92D284D0CFC003CB5F4 /* Views */,
				4382B92C284D0CF6003CB5F4 /* ViewModels */,
			);
			path = Profile;
			sourceTree = "<group>";
		};
		4382B92C284D0CF6003CB5F4 /* ViewModels */ = {
			isa = PBXGroup;
			children = (
				4382B930284D147B003CB5F4 /* TweetFilterViewModel.swift */,
			);
			path = ViewModels;
			sourceTree = "<group>";
		};
		4382B92D284D0CFC003CB5F4 /* Views */ = {
			isa = PBXGroup;
			children = (
				4382B92E284D0D16003CB5F4 /* ProfileView.swift */,
			);
			path = Views;
			sourceTree = "<group>";
		};
		4382B932284D1889003CB5F4 /* Views */ = {
			isa = PBXGroup;
			children = (
				4382B926284CF96A003CB5F4 /* ExploreView.swift */,
			);
			path = Views;
			sourceTree = "<group>";
		};
		4382B933284D1893003CB5F4 /* ViewModels */ = {
			isa = PBXGroup;
			children = (
				4367B8852855FE6C00076C7B /* ExploreViewModel.swift */,
			);
			path = ViewModels;
			sourceTree = "<group>";
		};
		4382B934284D18CE003CB5F4 /* Users */ = {
			isa = PBXGroup;
			children = (
				4382B935284D18E5003CB5F4 /* UserRowView.swift */,
				4382B941284D1DF5003CB5F4 /* UserStatsView.swift */,
			);
			path = Users;
			sourceTree = "<group>";
		};
		4382B937284D1C11003CB5F4 /* SideMenu */ = {
			isa = PBXGroup;
			children = (
				4382B939284D1C25003CB5F4 /* ViewModels */,
				4382B938284D1C21003CB5F4 /* Views */,
			);
			path = SideMenu;
			sourceTree = "<group>";
		};
		4382B938284D1C21003CB5F4 /* Views */ = {
			isa = PBXGroup;
			children = (
				4382B93A284D1C33003CB5F4 /* SideMenuView.swift */,
				4382B945284D3A68003CB5F4 /* SideMenuRowOptionView.swift */,
			);
			path = Views;
			sourceTree = "<group>";
		};
		4382B939284D1C25003CB5F4 /* ViewModels */ = {
			isa = PBXGroup;
			children = (
				4382B93E284D1C59003CB5F4 /* SideMenuViewModel.swift */,
			);
			path = ViewModels;
			sourceTree = "<group>";
		};
		43893E5E284E9E6000F45F0D /* UploadTweets */ = {
			isa = PBXGroup;
			children = (
				43893E60284E9E7D00F45F0D /* Views */,
				43893E5F284E9E6C00F45F0D /*  ViewModels */,
			);
			path = UploadTweets;
			sourceTree = "<group>";
		};
		43893E5F284E9E6C00F45F0D /*  ViewModels */ = {
			isa = PBXGroup;
			children = (
			);
			path = " ViewModels";
			sourceTree = "<group>";
		};
		43893E60284E9E7D00F45F0D /* Views */ = {
			isa = PBXGroup;
			children = (
				43893E61284F1F6500F45F0D /* NewTweetView.swift */,
			);
			path = Views;
			sourceTree = "<group>";
		};
/* End PBXGroup section */

/* Begin PBXNativeTarget section */
		4382B900284CECDC003CB5F4 /* twitter */ = {
			isa = PBXNativeTarget;
			buildConfigurationList = 4382B90F284CECDE003CB5F4 /* Build configuration list for PBXNativeTarget "twitter" */;
			buildPhases = (
				4382B8FD284CECDC003CB5F4 /* Sources */,
				4382B8FE284CECDC003CB5F4 /* Frameworks */,
				4382B8FF284CECDC003CB5F4 /* Resources */,
			);
			buildRules = (
			);
			dependencies = (
			);
			name = twitter;
			packageProductDependencies = (
				430B8E572851CD5B0075D2AC /* FirebaseAuth */,
				430B8E592851CD5B0075D2AC /* FirebaseFirestoreSwift */,
				430B8E5B2851CD5B0075D2AC /* FirebaseStorage */,
				4367B8832855EEE900076C7B /* Kingfisher */,
			);
			productName = twitter;
			productReference = 4382B901284CECDC003CB5F4 /* twitter.app */;
			productType = "com.apple.product-type.application";
		};
/* End PBXNativeTarget section */

/* Begin PBXProject section */
		4382B8F9284CECDC003CB5F4 /* Project object */ = {
			isa = PBXProject;
			attributes = {
				BuildIndependentTargetsInParallel = 1;
				LastSwiftUpdateCheck = 1320;
				LastUpgradeCheck = 1320;
				TargetAttributes = {
					4382B900284CECDC003CB5F4 = {
						CreatedOnToolsVersion = 13.2.1;
					};
				};
			};
			buildConfigurationList = 4382B8FC284CECDC003CB5F4 /* Build configuration list for PBXProject "twitter" */;
			compatibilityVersion = "Xcode 13.0";
			developmentRegion = en;
			hasScannedForEncodings = 0;
			knownRegions = (
				en,
				Base,
			);
			mainGroup = 4382B8F8284CECDC003CB5F4;
			packageReferences = (
				430B8E562851CD5A0075D2AC /* XCRemoteSwiftPackageReference "firebase-ios-sdk" */,
				4367B8822855EEE900076C7B /* XCRemoteSwiftPackageReference "Kingfisher" */,
			);
			productRefGroup = 4382B902284CECDC003CB5F4 /* Products */;
			projectDirPath = "";
			projectRoot = "";
			targets = (
				4382B900284CECDC003CB5F4 /* twitter */,
			);
		};
/* End PBXProject section */

/* Begin PBXResourcesBuildPhase section */
		4382B8FF284CECDC003CB5F4 /* Resources */ = {
			isa = PBXResourcesBuildPhase;
			buildActionMask = 2147483647;
			files = (
				4382B90C284CECDE003CB5F4 /* Preview Assets.xcassets in Resources */,
				4382B909284CECDE003CB5F4 /* Assets.xcassets in Resources */,
				43445A452850CF7600E07D0B /* GoogleService-Info.plist in Resources */,
			);
			runOnlyForDeploymentPostprocessing = 0;
		};
/* End PBXResourcesBuildPhase section */

/* Begin PBXSourcesBuildPhase section */
		4382B8FD284CECDC003CB5F4 /* Sources */ = {
			isa = PBXSourcesBuildPhase;
			buildActionMask = 2147483647;
			files = (
				4382B92B284CF9A1003CB5F4 /* MessagesView.swift in Sources */,
				4382B92F284D0D16003CB5F4 /* ProfileView.swift in Sources */,
				4367B87F2855B6BF00076C7B /* UserService.swift in Sources */,
				4367B87B28547C3D00076C7B /* ImagePicker.swift in Sources */,
				4382B907284CECDC003CB5F4 /* ContentView.swift in Sources */,
				43445A43284FDF8300E07D0B /* AuthHeaderView.swift in Sources */,
				4367B87D28549C3A00076C7B /* ImageUploader.swift in Sources */,
				4382B91E284CEF94003CB5F4 /* TweetRowView.swift in Sources */,
				43445A40284FDCB300E07D0B /* CustomInputField.swift in Sources */,
				4367B8782853E4A700076C7B /* ProfilePhotoSelecterView.swift in Sources */,
				4382B931284D147B003CB5F4 /* TweetFilterViewModel.swift in Sources */,
				4382B91B284CEE63003CB5F4 /* FeedView.swift in Sources */,
				4367B8862855FE6C00076C7B /* ExploreViewModel.swift in Sources */,
				4382B93B284D1C33003CB5F4 /* SideMenuView.swift in Sources */,
				4382B929284CF982003CB5F4 /* NotificationsView.swift in Sources */,
				4382B905284CECDC003CB5F4 /* twitterApp.swift in Sources */,
				4382B93F284D1C59003CB5F4 /* SideMenuViewModel.swift in Sources */,
				43445A35284FC7CC00E07D0B /* TextArea.swift in Sources */,
				4382B936284D18E5003CB5F4 /* UserRowView.swift in Sources */,
				43445A3A284FCB7700E07D0B /* LoginView.swift in Sources */,
				43445A3C284FCB8200E07D0B /* RegistrationView.swift in Sources */,
				4367B8812855B92100076C7B /* User.swift in Sources */,
				43893E62284F1F6500F45F0D /* NewTweetView.swift in Sources */,
				439001B52852855D00E37830 /* AuthViewModel.swift in Sources */,
				43445A3E284FCCA900E07D0B /* RoundedShape.swift in Sources */,
				4382B946284D3A68003CB5F4 /* SideMenuRowOptionView.swift in Sources */,
				4382B927284CF96A003CB5F4 /* ExploreView.swift in Sources */,
				4382B921284CF70D003CB5F4 /* MainTabView.swift in Sources */,
				4382B942284D1DF5003CB5F4 /* UserStatsView.swift in Sources */,
			);
			runOnlyForDeploymentPostprocessing = 0;
		};
/* End PBXSourcesBuildPhase section */

/* Begin XCBuildConfiguration section */
		4382B90D284CECDE003CB5F4 /* Debug */ = {
			isa = XCBuildConfiguration;
			buildSettings = {
				ALWAYS_SEARCH_USER_PATHS = NO;
				CLANG_ANALYZER_NONNULL = YES;
				CLANG_ANALYZER_NUMBER_OBJECT_CONVERSION = YES_AGGRESSIVE;
				CLANG_CXX_LANGUAGE_STANDARD = "gnu++17";
				CLANG_CXX_LIBRARY = "libc++";
				CLANG_ENABLE_MODULES = YES;
				CLANG_ENABLE_OBJC_ARC = YES;
				CLANG_ENABLE_OBJC_WEAK = YES;
				CLANG_WARN_BLOCK_CAPTURE_AUTORELEASING = YES;
				CLANG_WARN_BOOL_CONVERSION = YES;
				CLANG_WARN_COMMA = YES;
				CLANG_WARN_CONSTANT_CONVERSION = YES;
				CLANG_WARN_DEPRECATED_OBJC_IMPLEMENTATIONS = YES;
				CLANG_WARN_DIRECT_OBJC_ISA_USAGE = YES_ERROR;
				CLANG_WARN_DOCUMENTATION_COMMENTS = YES;
				CLANG_WARN_EMPTY_BODY = YES;
				CLANG_WARN_ENUM_CONVERSION = YES;
				CLANG_WARN_INFINITE_RECURSION = YES;
				CLANG_WARN_INT_CONVERSION = YES;
				CLANG_WARN_NON_LITERAL_NULL_CONVERSION = YES;
				CLANG_WARN_OBJC_IMPLICIT_RETAIN_SELF = YES;
				CLANG_WARN_OBJC_LITERAL_CONVERSION = YES;
				CLANG_WARN_OBJC_ROOT_CLASS = YES_ERROR;
				CLANG_WARN_QUOTED_INCLUDE_IN_FRAMEWORK_HEADER = YES;
				CLANG_WARN_RANGE_LOOP_ANALYSIS = YES;
				CLANG_WARN_STRICT_PROTOTYPES = YES;
				CLANG_WARN_SUSPICIOUS_MOVE = YES;
				CLANG_WARN_UNGUARDED_AVAILABILITY = YES_AGGRESSIVE;
				CLANG_WARN_UNREACHABLE_CODE = YES;
				CLANG_WARN__DUPLICATE_METHOD_MATCH = YES;
				COPY_PHASE_STRIP = NO;
				DEBUG_INFORMATION_FORMAT = dwarf;
				ENABLE_STRICT_OBJC_MSGSEND = YES;
				ENABLE_TESTABILITY = YES;
				GCC_C_LANGUAGE_STANDARD = gnu11;
				GCC_DYNAMIC_NO_PIC = NO;
				GCC_NO_COMMON_BLOCKS = YES;
				GCC_OPTIMIZATION_LEVEL = 0;
				GCC_PREPROCESSOR_DEFINITIONS = (
					"DEBUG=1",
					"$(inherited)",
				);
				GCC_WARN_64_TO_32_BIT_CONVERSION = YES;
				GCC_WARN_ABOUT_RETURN_TYPE = YES_ERROR;
				GCC_WARN_UNDECLARED_SELECTOR = YES;
				GCC_WARN_UNINITIALIZED_AUTOS = YES_AGGRESSIVE;
				GCC_WARN_UNUSED_FUNCTION = YES;
				GCC_WARN_UNUSED_VARIABLE = YES;
				IPHONEOS_DEPLOYMENT_TARGET = 15.2;
				MTL_ENABLE_DEBUG_INFO = INCLUDE_SOURCE;
				MTL_FAST_MATH = YES;
				ONLY_ACTIVE_ARCH = YES;
				SDKROOT = iphoneos;
				SWIFT_ACTIVE_COMPILATION_CONDITIONS = DEBUG;
				SWIFT_OPTIMIZATION_LEVEL = "-Onone";
			};
			name = Debug;
		};
		4382B90E284CECDE003CB5F4 /* Release */ = {
			isa = XCBuildConfiguration;
			buildSettings = {
				ALWAYS_SEARCH_USER_PATHS = NO;
				CLANG_ANALYZER_NONNULL = YES;
				CLANG_ANALYZER_NUMBER_OBJECT_CONVERSION = YES_AGGRESSIVE;
				CLANG_CXX_LANGUAGE_STANDARD = "gnu++17";
				CLANG_CXX_LIBRARY = "libc++";
				CLANG_ENABLE_MODULES = YES;
				CLANG_ENABLE_OBJC_ARC = YES;
				CLANG_ENABLE_OBJC_WEAK = YES;
				CLANG_WARN_BLOCK_CAPTURE_AUTORELEASING = YES;
				CLANG_WARN_BOOL_CONVERSION = YES;
				CLANG_WARN_COMMA = YES;
				CLANG_WARN_CONSTANT_CONVERSION = YES;
				CLANG_WARN_DEPRECATED_OBJC_IMPLEMENTATIONS = YES;
				CLANG_WARN_DIRECT_OBJC_ISA_USAGE = YES_ERROR;
				CLANG_WARN_DOCUMENTATION_COMMENTS = YES;
				CLANG_WARN_EMPTY_BODY = YES;
				CLANG_WARN_ENUM_CONVERSION = YES;
				CLANG_WARN_INFINITE_RECURSION = YES;
				CLANG_WARN_INT_CONVERSION = YES;
				CLANG_WARN_NON_LITERAL_NULL_CONVERSION = YES;
				CLANG_WARN_OBJC_IMPLICIT_RETAIN_SELF = YES;
				CLANG_WARN_OBJC_LITERAL_CONVERSION = YES;
				CLANG_WARN_OBJC_ROOT_CLASS = YES_ERROR;
				CLANG_WARN_QUOTED_INCLUDE_IN_FRAMEWORK_HEADER = YES;
				CLANG_WARN_RANGE_LOOP_ANALYSIS = YES;
				CLANG_WARN_STRICT_PROTOTYPES = YES;
				CLANG_WARN_SUSPICIOUS_MOVE = YES;
				CLANG_WARN_UNGUARDED_AVAILABILITY = YES_AGGRESSIVE;
				CLANG_WARN_UNREACHABLE_CODE = YES;
				CLANG_WARN__DUPLICATE_METHOD_MATCH = YES;
				COPY_PHASE_STRIP = NO;
				DEBUG_INFORMATION_FORMAT = "dwarf-with-dsym";
				ENABLE_NS_ASSERTIONS = NO;
				ENABLE_STRICT_OBJC_MSGSEND = YES;
				GCC_C_LANGUAGE_STANDARD = gnu11;
				GCC_NO_COMMON_BLOCKS = YES;
				GCC_WARN_64_TO_32_BIT_CONVERSION = YES;
				GCC_WARN_ABOUT_RETURN_TYPE = YES_ERROR;
				GCC_WARN_UNDECLARED_SELECTOR = YES;
				GCC_WARN_UNINITIALIZED_AUTOS = YES_AGGRESSIVE;
				GCC_WARN_UNUSED_FUNCTION = YES;
				GCC_WARN_UNUSED_VARIABLE = YES;
				IPHONEOS_DEPLOYMENT_TARGET = 15.2;
				MTL_ENABLE_DEBUG_INFO = NO;
				MTL_FAST_MATH = YES;
				SDKROOT = iphoneos;
				SWIFT_COMPILATION_MODE = wholemodule;
				SWIFT_OPTIMIZATION_LEVEL = "-O";
				VALIDATE_PRODUCT = YES;
			};
			name = Release;
		};
		4382B910284CECDE003CB5F4 /* Debug */ = {
			isa = XCBuildConfiguration;
			buildSettings = {
				ASSETCATALOG_COMPILER_APPICON_NAME = AppIcon;
				ASSETCATALOG_COMPILER_GLOBAL_ACCENT_COLOR_NAME = AccentColor;
				CODE_SIGN_STYLE = Automatic;
				CURRENT_PROJECT_VERSION = 1;
				DEVELOPMENT_ASSET_PATHS = "\"twitter/Preview Content\"";
				DEVELOPMENT_TEAM = 8XJPN4ZWYW;
				ENABLE_PREVIEWS = YES;
				GENERATE_INFOPLIST_FILE = YES;
				INFOPLIST_KEY_UIApplicationSceneManifest_Generation = YES;
				INFOPLIST_KEY_UIApplicationSupportsIndirectInputEvents = YES;
				INFOPLIST_KEY_UILaunchScreen_Generation = YES;
				INFOPLIST_KEY_UISupportedInterfaceOrientations_iPad = "UIInterfaceOrientationPortrait UIInterfaceOrientationPortraitUpsideDown UIInterfaceOrientationLandscapeLeft UIInterfaceOrientationLandscapeRight";
				INFOPLIST_KEY_UISupportedInterfaceOrientations_iPhone = "UIInterfaceOrientationPortrait UIInterfaceOrientationLandscapeLeft UIInterfaceOrientationLandscapeRight";
				LD_RUNPATH_SEARCH_PATHS = (
					"$(inherited)",
					"@executable_path/Frameworks",
				);
				MARKETING_VERSION = 1.0;
				PRODUCT_BUNDLE_IDENTIFIER = local.gerchik.quiz.twitter;
				PRODUCT_NAME = "$(TARGET_NAME)";
				SWIFT_EMIT_LOC_STRINGS = YES;
				SWIFT_VERSION = 5.0;
				TARGETED_DEVICE_FAMILY = "1,2";
			};
			name = Debug;
		};
		4382B911284CECDE003CB5F4 /* Release */ = {
			isa = XCBuildConfiguration;
			buildSettings = {
				ASSETCATALOG_COMPILER_APPICON_NAME = AppIcon;
				ASSETCATALOG_COMPILER_GLOBAL_ACCENT_COLOR_NAME = AccentColor;
				CODE_SIGN_STYLE = Automatic;
				CURRENT_PROJECT_VERSION = 1;
				DEVELOPMENT_ASSET_PATHS = "\"twitter/Preview Content\"";
				DEVELOPMENT_TEAM = 8XJPN4ZWYW;
				ENABLE_PREVIEWS = YES;
				GENERATE_INFOPLIST_FILE = YES;
				INFOPLIST_KEY_UIApplicationSceneManifest_Generation = YES;
				INFOPLIST_KEY_UIApplicationSupportsIndirectInputEvents = YES;
				INFOPLIST_KEY_UILaunchScreen_Generation = YES;
				INFOPLIST_KEY_UISupportedInterfaceOrientations_iPad = "UIInterfaceOrientationPortrait UIInterfaceOrientationPortraitUpsideDown UIInterfaceOrientationLandscapeLeft UIInterfaceOrientationLandscapeRight";
				INFOPLIST_KEY_UISupportedInterfaceOrientations_iPhone = "UIInterfaceOrientationPortrait UIInterfaceOrientationLandscapeLeft UIInterfaceOrientationLandscapeRight";
				LD_RUNPATH_SEARCH_PATHS = (
					"$(inherited)",
					"@executable_path/Frameworks",
				);
				MARKETING_VERSION = 1.0;
				PRODUCT_BUNDLE_IDENTIFIER = local.gerchik.quiz.twitter;
				PRODUCT_NAME = "$(TARGET_NAME)";
				SWIFT_EMIT_LOC_STRINGS = YES;
				SWIFT_VERSION = 5.0;
				TARGETED_DEVICE_FAMILY = "1,2";
			};
			name = Release;
		};
/* End XCBuildConfiguration section */

/* Begin XCConfigurationList section */
		4382B8FC284CECDC003CB5F4 /* Build configuration list for PBXProject "twitter" */ = {
			isa = XCConfigurationList;
			buildConfigurations = (
				4382B90D284CECDE003CB5F4 /* Debug */,
				4382B90E284CECDE003CB5F4 /* Release */,
			);
			defaultConfigurationIsVisible = 0;
			defaultConfigurationName = Release;
		};
		4382B90F284CECDE003CB5F4 /* Build configuration list for PBXNativeTarget "twitter" */ = {
			isa = XCConfigurationList;
			buildConfigurations = (
				4382B910284CECDE003CB5F4 /* Debug */,
				4382B911284CECDE003CB5F4 /* Release */,
			);
			defaultConfigurationIsVisible = 0;
			defaultConfigurationName = Release;
		};
/* End XCConfigurationList section */

/* Begin XCRemoteSwiftPackageReference section */
		430B8E562851CD5A0075D2AC /* XCRemoteSwiftPackageReference "firebase-ios-sdk" */ = {
			isa = XCRemoteSwiftPackageReference;
			repositoryURL = "https://github.com/firebase/firebase-ios-sdk";
			requirement = {
				branch = master;
				kind = branch;
			};
		};
		4367B8822855EEE900076C7B /* XCRemoteSwiftPackageReference "Kingfisher" */ = {
			isa = XCRemoteSwiftPackageReference;
			repositoryURL = "https://github.com/onevcat/Kingfisher";
			requirement = {
				branch = master;
				kind = branch;
			};
		};
/* End XCRemoteSwiftPackageReference section */

/* Begin XCSwiftPackageProductDependency section */
		430B8E572851CD5B0075D2AC /* FirebaseAuth */ = {
			isa = XCSwiftPackageProductDependency;
			package = 430B8E562851CD5A0075D2AC /* XCRemoteSwiftPackageReference "firebase-ios-sdk" */;
			productName = FirebaseAuth;
		};
		430B8E592851CD5B0075D2AC /* FirebaseFirestoreSwift */ = {
			isa = XCSwiftPackageProductDependency;
			package = 430B8E562851CD5A0075D2AC /* XCRemoteSwiftPackageReference "firebase-ios-sdk" */;
			productName = FirebaseFirestoreSwift;
		};
		430B8E5B2851CD5B0075D2AC /* FirebaseStorage */ = {
			isa = XCSwiftPackageProductDependency;
			package = 430B8E562851CD5A0075D2AC /* XCRemoteSwiftPackageReference "firebase-ios-sdk" */;
			productName = FirebaseStorage;
		};
		4367B8832855EEE900076C7B /* Kingfisher */ = {
			isa = XCSwiftPackageProductDependency;
			package = 4367B8822855EEE900076C7B /* XCRemoteSwiftPackageReference "Kingfisher" */;
			productName = Kingfisher;
		};
/* End XCSwiftPackageProductDependency section */
	};
	rootObject = 4382B8F9284CECDC003CB5F4 /* Project object */;
}
